{
  "name": "shanyan-miniprogram-demo",
  "version": "1.0.0",
  "lockfileVersion": 3,
  "requires": true,
  "packages": {
    "": {
      "name": "shanyan-miniprogram-demo",
      "version": "1.0.0",
      "license": "ISC",
      "dependencies": {
        "shanyan-miniprogram-sdk": "^1.0.1"
      }
    },
    "node_modules/crypto-js": {
      "version": "4.2.0",
      "license": "MIT"
    },
    "node_modules/shanyan-miniprogram-sdk": {
      "version": "1.0.1",
      "resolved": "https://registry.npmjs.org/shanyan-miniprogram-sdk/-/shanyan-miniprogram-sdk-1.0.1.tgz",
      "integrity": "sha512-mm5tjSMJez1QfneKXzPVuPUZ178hcpQQLlvUcdkQYHWfskdLCae+jh+hqKQPzaWfWQIjJGrqJrCw7yGfiWVsMg==",
      "license": "ISC",
      "dependencies": {
        "crypto-js": "^4.2.0"
      },
      "engines": {
        "node": ">=12.0.0"
      }
    }
  }
}
